{
  "nodes": {
    "home-manager": {
      "inputs": {
        "nixpkgs": [
          "nixpkgs"
        ]
      },
      "locked": {
        "lastModified": 1713019815,
        "narHash": "sha256-jzTo97VeKMNfnKw3xU+uiU5C7wtnLudsbwl/nwPLC7s=",
        "owner": "nix-community",
        "repo": "home-manager",
        "rev": "8fdf329526f06886b53b94ddf433848a0d142984",
        "type": "github"
      },
      "original": {
        "owner": "nix-community",
        "repo": "home-manager",
        "type": "github"
      }
    },
    "jupytext-nvim": {
      "flake": false,
      "locked": {
        "lastModified": 1704308691,
        "narHash": "sha256-8GSAjbABpVX+WSXVqVqrEY38rxlpFDmP3UNsVT/TKLg=",
        "owner": "GCBallesteros",
        "repo": "jupytext.nvim",
        "rev": "6c9a8721bb24ffc3845632f22aa32b4cfe7ac814",
        "type": "github"
      },
      "original": {
        "owner": "GCBallesteros",
        "repo": "jupytext.nvim",
        "rev": "6c9a8721bb24ffc3845632f22aa32b4cfe7ac814",
        "type": "github"
      }
    },
    "nixpkgs": {
      "locked": {
        "lastModified": 1712791164,
        "narHash": "sha256-3sbWO1mbpWsLepZGbWaMovSO7ndZeFqDSdX0hZ9nVyw=",
        "owner": "nixos",
        "repo": "nixpkgs",
        "rev": "1042fd8b148a9105f3c0aca3a6177fd1d9360ba5",
        "type": "github"
      },
      "original": {
        "owner": "nixos",
        "ref": "nixos-unstable",
        "repo": "nixpkgs",
        "type": "github"
      }
    },
    "notebookNavigator-nvim": {
      "flake": false,
      "locked": {
        "lastModified": 1703747771,
        "narHash": "sha256-bL2tO53HNvSD8AIQ/463JKCqIuAXZo+bV+n4xzCP4GY=",
        "owner": "GCBallesteros",
        "repo": "NotebookNavigator.nvim",
        "rev": "42b686f3a3701ea0f9cd9bd9301ef09ed33c21e5",
        "type": "github"
      },
      "original": {
        "owner": "GCBallesteros",
        "repo": "NotebookNavigator.nvim",
        "type": "github"
      }
    },
    "obsidian-nvim": {
      "flake": false,
      "locked": {
        "lastModified": 1712778222,
        "narHash": "sha256-jjsDXGdFMgdalgkw8HSY3+EfiTkYotsNA6txk1/09VY=",
        "owner": "epwalsh",
        "repo": "obsidian.nvim",
        "rev": "1265a1fbfca5979f629ecedb2552f743c70f458f",
        "type": "github"
      },
      "original": {
        "owner": "epwalsh",
        "repo": "obsidian.nvim",
        "type": "github"
      }
    },
    "r-nvim": {
      "flake": false,
      "locked": {
        "lastModified": 1712950125,
        "narHash": "sha256-/IRt37AtycCgK1R9k0rYgbzocKbX7mFyRjAXaVTuY1U=",
        "owner": "R-nvim",
        "repo": "R.nvim",
        "rev": "35e17323568afe3d42ed571960244e230549b697",
        "type": "github"
      },
      "original": {
        "owner": "R-nvim",
        "repo": "R.nvim",
        "type": "github"
      }
    },
    "root": {
      "inputs": {
        "home-manager": "home-manager",
        "jupytext-nvim": "jupytext-nvim",
        "nixpkgs": "nixpkgs",
        "notebookNavigator-nvim": "notebookNavigator-nvim",
        "obsidian-nvim": "obsidian-nvim",
        "r-nvim": "r-nvim"
      }
    }
  },
  "root": "root",
  "version": 7
}
